
Microsoft Visual Studio Solution File, Format Version 12.00
Project("{FAE04EC0-301F-11D3-BF4B-00C04F79EFBC}") = "GameJolt.NET", "GameJolt.NET\GameJolt.NET.csproj", "{19DF479A-7296-4F75-87A6-BEA1D052C99E}"
EndProject
Project("{FAE04EC0-301F-11D3-BF4B-00C04F79EFBC}") = "GameJolt.NET.Tests", "GameJolt.NET.Tests\GameJolt.NET.Tests.csproj", "{C15A00EB-0E9D-4338-8ACC-78E1C30FAB62}"
EndProject
Global
	GlobalSection(SolutionConfigurationPlatforms) = preSolution
		Debug|Any CPU = Debug|Any CPU
		Release|Any CPU = Release|Any CPU
		Unity|Any CPU = Unity|Any CPU
	EndGlobalSection
	GlobalSection(ProjectConfigurationPlatforms) = postSolution
		{19DF479A-7296-4F75-87A6-BEA1D052C99E}.Debug|Any CPU.ActiveCfg = Debug|Any CPU
		{19DF479A-7296-4F75-87A6-BEA1D052C99E}.Debug|Any CPU.Build.0 = Debug|Any CPU
		{19DF479A-7296-4F75-87A6-BEA1D052C99E}.Release|Any CPU.ActiveCfg = Release|Any CPU
		{19DF479A-7296-4F75-87A6-BEA1D052C99E}.Release|Any CPU.Build.0 = Release|Any CPU
		{19DF479A-7296-4F75-87A6-BEA1D052C99E}.Unity|Any CPU.ActiveCfg = Unity|Any CPU
		{19DF479A-7296-4F75-87A6-BEA1D052C99E}.Unity|Any CPU.Build.0 = Unity|Any CPU
		{C15A00EB-0E9D-4338-8ACC-78E1C30FAB62}.Debug|Any CPU.ActiveCfg = Debug|Any CPU
		{C15A00EB-0E9D-4338-8ACC-78E1C30FAB62}.Debug|Any CPU.Build.0 = Debug|Any CPU
		{C15A00EB-0E9D-4338-8ACC-78E1C30FAB62}.Release|Any CPU.ActiveCfg = Release|Any CPU
		{C15A00EB-0E9D-4338-8ACC-78E1C30FAB62}.Release|Any CPU.Build.0 = Release|Any CPU
		{C15A00EB-0E9D-4338-8ACC-78E1C30FAB62}.Unity|Any CPU.ActiveCfg = Unity|Any CPU
		{C15A00EB-0E9D-4338-8ACC-78E1C30FAB62}.Unity|Any CPU.Build.0 = Unity|Any CPU
	EndGlobalSection
EndGlobal
